<?xml version="1.0" encoding="utf-8"?>
<Project ToolsVersion="4.0" xmlns="http://schemas.microsoft.com/developer/msbuild/2003">
  <ItemGroup>
    <Filter Include="소스 파일">
      <UniqueIdentifier>{4FC737F1-C7A5-4376-A066-2A32D752A2FF}</UniqueIdentifier>
      <Extensions>cpp;c;cc;cxx;c++;cppm;ixx;def;odl;idl;hpj;bat;asm;asmx</Extensions>
    </Filter>
    <Filter Include="헤더 파일">
      <UniqueIdentifier>{93995380-89BD-4b04-88EB-625FBE52EBFB}</UniqueIdentifier>
      <Extensions>h;hh;hpp;hxx;h++;hm;inl;inc;ipp;xsd</Extensions>
    </Filter>
    <Filter Include="리소스 파일">
      <UniqueIdentifier>{67DA6AB6-F800-4c08-8B7A-83BB121AAD01}</UniqueIdentifier>
      <Extensions>rc;ico;cur;bmp;dlg;rc2;rct;bin;rgs;gif;jpg;jpeg;jpe;resx;tiff;tif;png;wav;mfcribbon-ms</Extensions>
    </Filter>
    <Filter Include="소스 파일\Component">
      <UniqueIdentifier>{4e3093e1-8f09-4371-82f3-0efdac95177a}</UniqueIdentifier>
    </Filter>
    <Filter Include="헤더 파일\Component">
      <UniqueIdentifier>{1c2508a7-91ec-4fd0-a81c-53b334f00bfb}</UniqueIdentifier>
    </Filter>
    <Filter Include="소스 파일\Helper">
      <UniqueIdentifier>{070e6140-5fd7-4011-87e5-87461451b10f}</UniqueIdentifier>
    </Filter>
    <Filter Include="헤더 파일\Helper">
      <UniqueIdentifier>{1711383b-1e99-40eb-a393-ddd93cba9320}</UniqueIdentifier>
    </Filter>
    <Filter Include="소스 파일\Actor">
      <UniqueIdentifier>{091bdb24-cd6e-490c-8161-ca87a8556d7d}</UniqueIdentifier>
    </Filter>
    <Filter Include="헤더 파일\Actor">
      <UniqueIdentifier>{be2f9987-68a0-4e5f-ab81-6e17c14550dd}</UniqueIdentifier>
    </Filter>
  </ItemGroup>
  <ItemGroup>
    <ClCompile Include="GameObjectN2DGraphics.cpp">
      <Filter>소스 파일</Filter>
    </ClCompile>
    <ClCompile Include="Game.cpp">
      <Filter>소스 파일</Filter>
    </ClCompile>
    <ClCompile Include="BGSpriteComponent.cpp">
      <Filter>소스 파일\Component</Filter>
    </ClCompile>
    <ClCompile Include="AnimSpriteComponent.cpp">
      <Filter>소스 파일\Component</Filter>
    </ClCompile>
    <ClCompile Include="Component.cpp">
      <Filter>소스 파일\Component</Filter>
    </ClCompile>
    <ClCompile Include="SpriteComponent.cpp">
      <Filter>소스 파일\Component</Filter>
    </ClCompile>
    <ClCompile Include="Math.cpp">
      <Filter>소스 파일\Helper</Filter>
    </ClCompile>
    <ClCompile Include="Vector2.cpp">
      <Filter>소스 파일\Helper</Filter>
    </ClCompile>
    <ClCompile Include="Actor.cpp">
      <Filter>소스 파일\Actor</Filter>
    </ClCompile>
  </ItemGroup>
  <ItemGroup>
    <ClInclude Include="Game.h">
      <Filter>헤더 파일</Filter>
    </ClInclude>
    <ClInclude Include="AnimSpriteComponent.h">
      <Filter>헤더 파일\Component</Filter>
    </ClInclude>
    <ClInclude Include="BGSpriteComponent.h">
      <Filter>헤더 파일\Component</Filter>
    </ClInclude>
    <ClInclude Include="Component.h">
      <Filter>헤더 파일\Component</Filter>
    </ClInclude>
    <ClInclude Include="SpriteComponent.h">
      <Filter>헤더 파일\Component</Filter>
    </ClInclude>
    <ClInclude Include="Math.h">
      <Filter>헤더 파일\Helper</Filter>
    </ClInclude>
    <ClInclude Include="Vector2.h">
      <Filter>헤더 파일\Helper</Filter>
    </ClInclude>
    <ClInclude Include="Actor.h">
      <Filter>헤더 파일\Actor</Filter>
    </ClInclude>
  </ItemGroup>
</Project>